
Microsoft Visual Studio Solution File, Format Version 12.00
# Visual Studio Version 16
VisualStudioVersion = 16.0.29324.140
MinimumVisualStudioVersion = 10.0.40219.1
Project("{8BC9CEB8-8B4A-11D0-8D11-00A0C91BC942}") = "HuffmanEncoderAndDecoder", "HuffmanEncoderAndDecoder.vcxproj", "{BC4B068D-1E37-435F-BA88-CC011D7DB20E}"
EndProject
Global
	GlobalSection(SolutionConfigurationPlatforms) = preSolution
		Debug|x64 = Debug|x64
		Debug|x86 = Debug|x86
		Release|x64 = Release|x64
		Release|x86 = Release|x86
	EndGlobalSection
	GlobalSection(ProjectConfigurationPlatforms) = postSolution
		{BC4B068D-1E37-435F-BA88-CC011D7DB20E}.Debug|x64.ActiveCfg = Debug|x64
		{BC4B068D-1E37-435F-BA88-CC011D7DB20E}.Debug|x64.Build.0 = Debug|x64
		{BC4B068D-1E37-435F-BA88-CC011D7DB20E}.Debug|x86.ActiveCfg = Debug|Win32
		{BC4B068D-1E37-435F-BA88-CC011D7DB20E}.Debug|x86.Build.0 = Debug|Win32
		{BC4B068D-1E37-435F-BA88-CC011D7DB20E}.Release|x64.ActiveCfg = Release|x64
		{BC4B068D-1E37-435F-BA88-CC011D7DB20E}.Release|x64.Build.0 = Release|x64
		{BC4B068D-1E37-435F-BA88-CC011D7DB20E}.Release|x86.ActiveCfg = Release|Win32
		{BC4B068D-1E37-435F-BA88-CC011D7DB20E}.Release|x86.Build.0 = Release|Win32
	EndGlobalSection
	GlobalSection(SolutionProperties) = preSolution
		HideSolutionNode = FALSE
	EndGlobalSection
	GlobalSection(ExtensibilityGlobals) = postSolution
		SolutionGuid = {D7AD09E3-DBA6-4A3C-8F12-281CC2C7C4D2}
	EndGlobalSection
EndGlobal
